
Microsoft Visual Studio Solution File, Format Version 12.00
# Visual Studio 2013
VisualStudioVersion = 12.0.21005.1
MinimumVisualStudioVersion = 10.0.40219.1
Project("{FAE04EC0-301F-11D3-BF4B-00C04F79EFBC}") = "CIR_skladisce", "CIR_skladisce\CIR_skladisce.csproj", "{C3EAB1E1-A31F-45C8-A85D-7C52EC9588A2}"
EndProject
Project("{FAE04EC0-301F-11D3-BF4B-00C04F79EFBC}") = "DbOperations", "DbOperations\DbOperations.csproj", "{88DCA5A2-59EC-489A-9182-37F8505F6EDB}"
EndProject
Global
	GlobalSection(SolutionConfigurationPlatforms) = preSolution
		Debug|Any CPU = Debug|Any CPU
		Release|Any CPU = Release|Any CPU
	EndGlobalSection
	GlobalSection(ProjectConfigurationPlatforms) = postSolution
		{C3EAB1E1-A31F-45C8-A85D-7C52EC9588A2}.Debug|Any CPU.ActiveCfg = Debug|Any CPU
		{C3EAB1E1-A31F-45C8-A85D-7C52EC9588A2}.Debug|Any CPU.Build.0 = Debug|Any CPU
		{C3EAB1E1-A31F-45C8-A85D-7C52EC9588A2}.Release|Any CPU.ActiveCfg = Release|Any CPU
		{C3EAB1E1-A31F-45C8-A85D-7C52EC9588A2}.Release|Any CPU.Build.0 = Release|Any CPU
		{88DCA5A2-59EC-489A-9182-37F8505F6EDB}.Debug|Any CPU.ActiveCfg = Debug|Any CPU
		{88DCA5A2-59EC-489A-9182-37F8505F6EDB}.Debug|Any CPU.Build.0 = Debug|Any CPU
		{88DCA5A2-59EC-489A-9182-37F8505F6EDB}.Release|Any CPU.ActiveCfg = Release|Any CPU
		{88DCA5A2-59EC-489A-9182-37F8505F6EDB}.Release|Any CPU.Build.0 = Release|Any CPU
	EndGlobalSection
	GlobalSection(SolutionProperties) = preSolution
		HideSolutionNode = FALSE
	EndGlobalSection
EndGlobal
